
Microsoft Visual Studio Solution File, Format Version 12.00
# Visual Studio Version 17
VisualStudioVersion = 17.5.33424.131
MinimumVisualStudioVersion = 10.0.40219.1
Project("{8BC9CEB8-8B4A-11D0-8D11-00A0C91BC942}") = "Task_2", "Task_2\Task_2.vcxproj", "{84DE292D-6B13-4F41-BAD8-10A4ABCE6C7E}"
EndProject
Global
	GlobalSection(SolutionConfigurationPlatforms) = preSolution
		Debug|x64 = Debug|x64
		Debug|x86 = Debug|x86
		Release|x64 = Release|x64
		Release|x86 = Release|x86
	EndGlobalSection
	GlobalSection(ProjectConfigurationPlatforms) = postSolution
		{84DE292D-6B13-4F41-BAD8-10A4ABCE6C7E}.Debug|x64.ActiveCfg = Debug|x64
		{84DE292D-6B13-4F41-BAD8-10A4ABCE6C7E}.Debug|x64.Build.0 = Debug|x64
		{84DE292D-6B13-4F41-BAD8-10A4ABCE6C7E}.Debug|x86.ActiveCfg = Debug|Win32
		{84DE292D-6B13-4F41-BAD8-10A4ABCE6C7E}.Debug|x86.Build.0 = Debug|Win32
		{84DE292D-6B13-4F41-BAD8-10A4ABCE6C7E}.Release|x64.ActiveCfg = Release|x64
		{84DE292D-6B13-4F41-BAD8-10A4ABCE6C7E}.Release|x64.Build.0 = Release|x64
		{84DE292D-6B13-4F41-BAD8-10A4ABCE6C7E}.Release|x86.ActiveCfg = Release|Win32
		{84DE292D-6B13-4F41-BAD8-10A4ABCE6C7E}.Release|x86.Build.0 = Release|Win32
	EndGlobalSection
	GlobalSection(SolutionProperties) = preSolution
		HideSolutionNode = FALSE
	EndGlobalSection
	GlobalSection(ExtensibilityGlobals) = postSolution
		SolutionGuid = {0EDA0DEE-8DE2-4657-B5FB-57BCC2567A35}
	EndGlobalSection
EndGlobal
